
Microsoft Visual Studio Solution File, Format Version 12.00
# Visual Studio Version 16
VisualStudioVersion = 16.0.32228.343
MinimumVisualStudioVersion = 10.0.40219.1
Project("{FAE04EC0-301F-11D3-BF4B-00C04F79EFBC}") = "SharpCompress", "SharpCompress.csproj", "{253BDC8C-E573-407C-8504-234CA3179508}"
EndProject
Global
	GlobalSection(SolutionConfigurationPlatforms) = preSolution
		Debug|Any CPU = Debug|Any CPU
		Release|Any CPU = Release|Any CPU
	EndGlobalSection
	GlobalSection(ProjectConfigurationPlatforms) = postSolution
		{253BDC8C-E573-407C-8504-234CA3179508}.Debug|Any CPU.ActiveCfg = Debug|Any CPU
		{253BDC8C-E573-407C-8504-234CA3179508}.Debug|Any CPU.Build.0 = Debug|Any CPU
		{253BDC8C-E573-407C-8504-234CA3179508}.Release|Any CPU.ActiveCfg = Release|Any CPU
		{253BDC8C-E573-407C-8504-234CA3179508}.Release|Any CPU.Build.0 = Release|Any CPU
	EndGlobalSection
	GlobalSection(SolutionProperties) = preSolution
		HideSolutionNode = FALSE
	EndGlobalSection
	GlobalSection(ExtensibilityGlobals) = postSolution
		SolutionGuid = {1F8EBDD9-D457-41F7-A3ED-4AAA259D6856}
	EndGlobalSection
EndGlobal
